// !$*UTF8*$!
{
	archiveVersion = 1;
	classes = {
	};
	objectVersion = 46;
	objects = {

/* Begin PBXBuildFile section */
		AD770D271C19832600A7D7EF /* AppDelegate.swift in Sources */ = {isa = PBXBuildFile; fileRef = AD770D261C19832600A7D7EF /* AppDelegate.swift */; };
		AD770D2A1C19832600A7D7EF /* Blog_Reader.xcdatamodeld in Sources */ = {isa = PBXBuildFile; fileRef = AD770D281C19832600A7D7EF /* Blog_Reader.xcdatamodeld */; };
		AD770D2C1C19832600A7D7EF /* MasterViewController.swift in Sources */ = {isa = PBXBuildFile; fileRef = AD770D2B1C19832600A7D7EF /* MasterViewController.swift */; };
		AD770D2E1C19832600A7D7EF /* DetailViewController.swift in Sources */ = {isa = PBXBuildFile; fileRef = AD770D2D1C19832600A7D7EF /* DetailViewController.swift */; };
		AD770D311C19832600A7D7EF /* Main.storyboard in Resources */ = {isa = PBXBuildFile; fileRef = AD770D2F1C19832600A7D7EF /* Main.storyboard */; };
		AD770D331C19832600A7D7EF /* Assets.xcassets in Resources */ = {isa = PBXBuildFile; fileRef = AD770D321C19832600A7D7EF /* Assets.xcassets */; };
		AD770D361C19832600A7D7EF /* LaunchScreen.storyboard in Resources */ = {isa = PBXBuildFile; fileRef = AD770D341C19832600A7D7EF /* LaunchScreen.storyboard */; };
/* End PBXBuildFile section */

/* Begin PBXFileReference section */
		AD770D231C19832600A7D7EF /* Blog Reader.app */ = {isa = PBXFileReference; explicitFileType = wrapper.application; includeInIndex = 0; path = "Blog Reader.app"; sourceTree = BUILT_PRODUCTS_DIR; };
		AD770D261C19832600A7D7EF /* AppDelegate.swift */ = {isa = PBXFileReference; lastKnownFileType = sourcecode.swift; path = AppDelegate.swift; sourceTree = "<group>"; };
		AD770D291C19832600A7D7EF /* Blog_Reader.xcdatamodel */ = {isa = PBXFileReference; lastKnownFileType = wrapper.xcdatamodel; path = Blog_Reader.xcdatamodel; sourceTree = "<group>"; };
		AD770D2B1C19832600A7D7EF /* MasterViewController.swift */ = {isa = PBXFileReference; lastKnownFileType = sourcecode.swift; path = MasterViewController.swift; sourceTree = "<group>"; };
		AD770D2D1C19832600A7D7EF /* DetailViewController.swift */ = {isa = PBXFileReference; lastKnownFileType = sourcecode.swift; path = DetailViewController.swift; sourceTree = "<group>"; };
		AD770D301C19832600A7D7EF /* Base */ = {isa = PBXFileReference; lastKnownFileType = file.storyboard; name = Base; path = Base.lproj/Main.storyboard; sourceTree = "<group>"; };
		AD770D321C19832600A7D7EF /* Assets.xcassets */ = {isa = PBXFileReference; lastKnownFileType = folder.assetcatalog; path = Assets.xcassets; sourceTree = "<group>"; };
		AD770D351C19832600A7D7EF /* Base */ = {isa = PBXFileReference; lastKnownFileType = file.storyboard; name = Base; path = Base.lproj/LaunchScreen.storyboard; sourceTree = "<group>"; };
		AD770D371C19832600A7D7EF /* Info.plist */ = {isa = PBXFileReference; lastKnownFileType = text.plist.xml; path = Info.plist; sourceTree = "<group>"; };
/* End PBXFileReference section */

/* Begin PBXFrameworksBuildPhase section */
		AD770D201C19832600A7D7EF /* Frameworks */ = {
			isa = PBXFrameworksBuildPhase;
			buildActionMask = 2147483647;
			files = (
			);
			runOnlyForDeploymentPostprocessing = 0;
		};
/* End PBXFrameworksBuildPhase section */

/* Begin PBXGroup section */
		AD770D1A1C19832600A7D7EF = {
			isa = PBXGroup;
			children = (
				AD770D251C19832600A7D7EF /* Blog Reader */,
				AD770D241C19832600A7D7EF /* Products */,
			);
			sourceTree = "<group>";
		};
		AD770D241C19832600A7D7EF /* Products */ = {
			isa = PBXGroup;
			children = (
				AD770D231C19832600A7D7EF /* Blog Reader.app */,
			);
			name = Products;
			sourceTree = "<group>";
		};
		AD770D251C19832600A7D7EF /* Blog Reader */ = {
			isa = PBXGroup;
			children = (
				AD770D261C19832600A7D7EF /* AppDelegate.swift */,
				AD770D2B1C19832600A7D7EF /* MasterViewController.swift */,
				AD770D2D1C19832600A7D7EF /* DetailViewController.swift */,
				AD770D2F1C19832600A7D7EF /* Main.storyboard */,
				AD770D321C19832600A7D7EF /* Assets.xcassets */,
				AD770D341C19832600A7D7EF /* LaunchScreen.storyboard */,
				AD770D371C19832600A7D7EF /* Info.plist */,
				AD770D281C19832600A7D7EF /* Blog_Reader.xcdatamodeld */,
			);
			path = "Blog Reader";
			sourceTree = "<group>";
		};
/* End PBXGroup section */

/* Begin PBXNativeTarget section */
		AD770D221C19832600A7D7EF /* Blog Reader */ = {
			isa = PBXNativeTarget;
			buildConfigurationList = AD770D3A1C19832600A7D7EF /* Build configuration list for PBXNativeTarget "Blog Reader" */;
			buildPhases = (
				AD770D1F1C19832600A7D7EF /* Sources */,
				AD770D201C19832600A7D7EF /* Frameworks */,
				AD770D211C19832600A7D7EF /* Resources */,
			);
			buildRules = (
			);
			dependencies = (
			);
			name = "Blog Reader";
			productName = "Blog Reader";
			productReference = AD770D231C19832600A7D7EF /* Blog Reader.app */;
			productType = "com.apple.product-type.application";
		};
/* End PBXNativeTarget section */

/* Begin PBXProject section */
		AD770D1B1C19832600A7D7EF /* Project object */ = {
			isa = PBXProject;
			attributes = {
				LastSwiftUpdateCheck = 0720;
				LastUpgradeCheck = 0720;
				ORGANIZATIONNAME = "Gil Felot";
				TargetAttributes = {
					AD770D221C19832600A7D7EF = {
						CreatedOnToolsVersion = 7.2;
					};
				};
			};
			buildConfigurationList = AD770D1E1C19832600A7D7EF /* Build configuration list for PBXProject "Blog Reader" */;
			compatibilityVersion = "Xcode 3.2";
			developmentRegion = English;
			hasScannedForEncodings = 0;
			knownRegions = (
				en,
				Base,
			);
			mainGroup = AD770D1A1C19832600A7D7EF;
			productRefGroup = AD770D241C19832600A7D7EF /* Products */;
			projectDirPath = "";
			projectRoot = "";
			targets = (
				AD770D221C19832600A7D7EF /* Blog Reader */,
			);
		};
/* End PBXProject section */

/* Begin PBXResourcesBuildPhase section */
		AD770D211C19832600A7D7EF /* Resources */ = {
			isa = PBXResourcesBuildPhase;
			buildActionMask = 2147483647;
			files = (
				AD770D361C19832600A7D7EF /* LaunchScreen.storyboard in Resources */,
				AD770D331C19832600A7D7EF /* Assets.xcassets in Resources */,
				AD770D311C19832600A7D7EF /* Main.storyboard in Resources */,
			);
			runOnlyForDeploymentPostprocessing = 0;
		};
/* End PBXResourcesBuildPhase section */

/* Begin PBXSourcesBuildPhase section */
		AD770D1F1C19832600A7D7EF /* Sources */ = {
			isa = PBXSourcesBuildPhase;
			buildActionMask = 2147483647;
			files = (
				AD770D2A1C19832600A7D7EF /* Blog_Reader.xcdatamodeld in Sources */,
				AD770D271C19832600A7D7EF /* AppDelegate.swift in Sources */,
				AD770D2C1C19832600A7D7EF /* MasterViewController.swift in Sources */,
				AD770D2E1C19832600A7D7EF /* DetailViewController.swift in Sources */,
			);
			runOnlyForDeploymentPostprocessing = 0;
		};
/* End PBXSourcesBuildPhase section */

/* Begin PBXVariantGroup section */
		AD770D2F1C19832600A7D7EF /* Main.storyboard */ = {
			isa = PBXVariantGroup;
			children = (
				AD770D301C19832600A7D7EF /* Base */,
			);
			name = Main.storyboard;
			sourceTree = "<group>";
		};
		AD770D341C19832600A7D7EF /* LaunchScreen.storyboard */ = {
			isa = PBXVariantGroup;
			children = (
				AD770D351C19832600A7D7EF /* Base */,
			);
			name = LaunchScreen.storyboard;
			sourceTree = "<group>";
		};
/* End PBXVariantGroup section */

/* Begin XCBuildConfiguration section */
		AD770D381C19832600A7D7EF /* Debug */ = {
			isa = XCBuildConfiguration;
			buildSettings = {
				ALWAYS_SEARCH_USER_PATHS = NO;
				CLANG_CXX_LANGUAGE_STANDARD = "gnu++0x";
				CLANG_CXX_LIBRARY = "libc++";
				CLANG_ENABLE_MODULES = YES;
				CLANG_ENABLE_OBJC_ARC = YES;
				CLANG_WARN_BOOL_CONVERSION = YES;
				CLANG_WARN_CONSTANT_CONVERSION = YES;
				CLANG_WARN_DIRECT_OBJC_ISA_USAGE = YES_ERROR;
				CLANG_WARN_EMPTY_BODY = YES;
				CLANG_WARN_ENUM_CONVERSION = YES;
				CLANG_WARN_INT_CONVERSION = YES;
				CLANG_WARN_OBJC_ROOT_CLASS = YES_ERROR;
				CLANG_WARN_UNREACHABLE_CODE = YES;
				CLANG_WARN__DUPLICATE_METHOD_MATCH = YES;
				"CODE_SIGN_IDENTITY[sdk=iphoneos*]" = "iPhone Developer";
				COPY_PHASE_STRIP = NO;
				DEBUG_INFORMATION_FORMAT = dwarf;
				ENABLE_STRICT_OBJC_MSGSEND = YES;
				ENABLE_TESTABILITY = YES;
				GCC_C_LANGUAGE_STANDARD = gnu99;
				GCC_DYNAMIC_NO_PIC = NO;
				GCC_NO_COMMON_BLOCKS = YES;
				GCC_OPTIMIZATION_LEVEL = 0;
				GCC_PREPROCESSOR_DEFINITIONS = (
					"DEBUG=1",
					"$(inherited)",
				);
				GCC_WARN_64_TO_32_BIT_CONVERSION = YES;
				GCC_WARN_ABOUT_RETURN_TYPE = YES_ERROR;
				GCC_WARN_UNDECLARED_SELECTOR = YES;
				GCC_WARN_UNINITIALIZED_AUTOS = YES_AGGRESSIVE;
				GCC_WARN_UNUSED_FUNCTION = YES;
				GCC_WARN_UNUSED_VARIABLE = YES;
				IPHONEOS_DEPLOYMENT_TARGET = 9.2;
				MTL_ENABLE_DEBUG_INFO = YES;
				ONLY_ACTIVE_ARCH = YES;
				SDKROOT = iphoneos;
				SWIFT_OPTIMIZATION_LEVEL = "-Onone";
			};
			name = Debug;
		};
		AD770D391C19832600A7D7EF /* Release */ = {
			isa = XCBuildConfiguration;
			buildSettings = {
				ALWAYS_SEARCH_USER_PATHS = NO;
				CLANG_CXX_LANGUAGE_STANDARD = "gnu++0x";
				CLANG_CXX_LIBRARY = "libc++";
				CLANG_ENABLE_MODULES = YES;
				CLANG_ENABLE_OBJC_ARC = YES;
				CLANG_WARN_BOOL_CONVERSION = YES;
				CLANG_WARN_CONSTANT_CONVERSION = YES;
				CLANG_WARN_DIRECT_OBJC_ISA_USAGE = YES_ERROR;
				CLANG_WARN_EMPTY_BODY = YES;
				CLANG_WARN_ENUM_CONVERSION = YES;
				CLANG_WARN_INT_CONVERSION = YES;
				CLANG_WARN_OBJC_ROOT_CLASS = YES_ERROR;
				CLANG_WARN_UNREACHABLE_CODE = YES;
				CLANG_WARN__DUPLICATE_METHOD_MATCH = YES;
				"CODE_SIGN_IDENTITY[sdk=iphoneos*]" = "iPhone Developer";
				COPY_PHASE_STRIP = NO;
				DEBUG_INFORMATION_FORMAT = "dwarf-with-dsym";
				ENABLE_NS_ASSERTIONS = NO;
				ENABLE_STRICT_OBJC_MSGSEND = YES;
				GCC_C_LANGUAGE_STANDARD = gnu99;
				GCC_NO_COMMON_BLOCKS = YES;
				GCC_WARN_64_TO_32_BIT_CONVERSION = YES;
				GCC_WARN_ABOUT_RETURN_TYPE = YES_ERROR;
				GCC_WARN_UNDECLARED_SELECTOR = YES;
				GCC_WARN_UNINITIALIZED_AUTOS = YES_AGGRESSIVE;
				GCC_WARN_UNUSED_FUNCTION = YES;
				GCC_WARN_UNUSED_VARIABLE = YES;
				IPHONEOS_DEPLOYMENT_TARGET = 9.2;
				MTL_ENABLE_DEBUG_INFO = NO;
				SDKROOT = iphoneos;
				VALIDATE_PRODUCT = YES;
			};
			name = Release;
		};
		AD770D3B1C19832600A7D7EF /* Debug */ = {
			isa = XCBuildConfiguration;
			buildSettings = {
				ASSETCATALOG_COMPILER_APPICON_NAME = AppIcon;
				INFOPLIST_FILE = "Blog Reader/Info.plist";
				LD_RUNPATH_SEARCH_PATHS = "$(inherited) @executable_path/Frameworks";
				PRODUCT_BUNDLE_IDENTIFIER = "io.ragnar.Blog-Reader";
				PRODUCT_NAME = "$(TARGET_NAME)";
			};
			name = Debug;
		};
		AD770D3C1C19832600A7D7EF /* Release */ = {
			isa = XCBuildConfiguration;
			buildSettings = {
				ASSETCATALOG_COMPILER_APPICON_NAME = AppIcon;
				INFOPLIST_FILE = "Blog Reader/Info.plist";
				LD_RUNPATH_SEARCH_PATHS = "$(inherited) @executable_path/Frameworks";
				PRODUCT_BUNDLE_IDENTIFIER = "io.ragnar.Blog-Reader";
				PRODUCT_NAME = "$(TARGET_NAME)";
			};
			name = Release;
		};
/* End XCBuildConfiguration section */

/* Begin XCConfigurationList section */
		AD770D1E1C19832600A7D7EF /* Build configuration list for PBXProject "Blog Reader" */ = {
			isa = XCConfigurationList;
			buildConfigurations = (
				AD770D381C19832600A7D7EF /* Debug */,
				AD770D391C19832600A7D7EF /* Release */,
			);
			defaultConfigurationIsVisible = 0;
			defaultConfigurationName = Release;
		};
		AD770D3A1C19832600A7D7EF /* Build configuration list for PBXNativeTarget "Blog Reader" */ = {
			isa = XCConfigurationList;
			buildConfigurations = (
				AD770D3B1C19832600A7D7EF /* Debug */,
				AD770D3C1C19832600A7D7EF /* Release */,
			);
			defaultConfigurationIsVisible = 0;
		};
/* End XCConfigurationList section */

/* Begin XCVersionGroup section */
		AD770D281C19832600A7D7EF /* Blog_Reader.xcdatamodeld */ = {
			isa = XCVersionGroup;
			children = (
				AD770D291C19832600A7D7EF /* Blog_Reader.xcdatamodel */,
			);
			currentVersion = AD770D291C19832600A7D7EF /* Blog_Reader.xcdatamodel */;
			path = Blog_Reader.xcdatamodeld;
			sourceTree = "<group>";
			versionGroupType = wrapper.xcdatamodel;
		};
/* End XCVersionGroup section */
	};
	rootObject = AD770D1B1C19832600A7D7EF /* Project object */;
}
